{
  "version": "v1",
  "packages": {
    "@ttungbmt/leaflet-search": {
      "signature": "20e44f4be0bcc9614eba87515cfd2124",
      "link": true
    },
    "@ttungbmt/vue-leaflet": {
      "signature": "157c3da9de16fc53ef35b073dedc4649",
      "link": true
    },
    "@ttungbmt/vue-leaflet-helper": {
      "signature": "d052ecccb500d150603b273535eb7c99",
      "link": true
    }
  }
}