{
  "version": "v1",
  "packages": {
    "@ttungbmt/vue-leaflet": {
      "signature": "157c3da9de16fc53ef35b073dedc4649",
      "link": true
    },
    "@ttungbmt/vue-leaflet-helper": {
      "signature": "d052ecccb500d150603b273535eb7c99",
      "link": true
    },
    "@ttungbmt/leaflet-search": {
      "signature": "d43c23116c4fc531e3cdef27265665d8",
      "link": true
    }
  }
}