# THIS IS AN AUTOGENERATED FILE. DO NOT EDIT THIS FILE DIRECTLY.
# yarn lockfile v1


leaflet-geosearch@^3.2.2:
  version "3.3.2"
  resolved "https://registry.yarnpkg.com/leaflet-geosearch/-/leaflet-geosearch-3.3.2.tgz#d1a8a35e4e6f29083d46978214d2de73f126f5c3"
  integrity sha512-Kb3NCiG0xWxadRJ0FyNOhFlpN0VT33l1zSpBfWPob6fUfN9bCg6d3XyWTa6KBIQrVRjg30Sp0Cnn+jJWRiFPDA==
  optionalDependencies:
    leaflet "^1.6.0"

leaflet@^1.6.0:
  version "1.7.1"
  resolved "https://registry.yarnpkg.com/leaflet/-/leaflet-1.7.1.tgz#10d684916edfe1bf41d688a3b97127c0322a2a19"
  integrity sha512-/xwPEBidtg69Q3HlqPdU3DnrXQOvQU/CCHA1tcDQVzOwm91YMYaILjNp7L4Eaw5Z4sOYdbBz6koWyibppd8Zqw==

lodash-es@^4.17.21:
  version "4.17.21"
  resolved "https://registry.yarnpkg.com/lodash-es/-/lodash-es-4.17.21.tgz#43e626c46e6591b7750beb2b50117390c609e3ee"
  integrity sha512-mKnC+QJ9pWVzv+C4/U3rRsHapFfHvQFoFB92e52xeyGMcX6/OlIl78je1u8vePzYZSkkogMPJ2yjxxsb89cxyw==
